// !$*UTF8*$!
{
	archiveVersion = 1;
	classes = {
	};
	objectVersion = 55;
	objects = {

/* Begin PBXBuildFile section */
		1B45283B09A272CE7A3CE413 /* Pods_LearnAndTest.framework in Frameworks */ = {isa = PBXBuildFile; fileRef = 83406B50A0E5BC149B49B148 /* Pods_LearnAndTest.framework */; };
		808331867D3BF1C657EFAE45 /* Pods_LearnAndTest_LearnAndTestUITests.framework in Frameworks */ = {isa = PBXBuildFile; fileRef = FD1970649B860856469962AD /* Pods_LearnAndTest_LearnAndTestUITests.framework */; };
		92A6750828D9B50C001A5928 /* GoogleService-Info.plist in Resources */ = {isa = PBXBuildFile; fileRef = 92A6750728D9B50C001A5928 /* GoogleService-Info.plist */; };
		92D9A8BB28C33CB50074B23D /* data.json in Resources */ = {isa = PBXBuildFile; fileRef = 92D9A8BA28C33CB50074B23D /* data.json */; };
		A2728549901205DB6BCB8F0F /* Pods_LearnAndTestTests.framework in Frameworks */ = {isa = PBXBuildFile; fileRef = 86A9DB7A213315875CCDD02A /* Pods_LearnAndTestTests.framework */; };
		AD5917B128AE268A004B1F99 /* LearnAndTestApp.swift in Sources */ = {isa = PBXBuildFile; fileRef = AD5917B028AE268A004B1F99 /* LearnAndTestApp.swift */; };
		AD5917B328AE268B004B1F99 /* HomeView.swift in Sources */ = {isa = PBXBuildFile; fileRef = AD5917B228AE268B004B1F99 /* HomeView.swift */; };
		AD5917B528AE2699004B1F99 /* Assets.xcassets in Resources */ = {isa = PBXBuildFile; fileRef = AD5917B428AE2699004B1F99 /* Assets.xcassets */; };
		AD5917B828AE2699004B1F99 /* Preview Assets.xcassets in Resources */ = {isa = PBXBuildFile; fileRef = AD5917B728AE2699004B1F99 /* Preview Assets.xcassets */; };
		AD5917C228AE269C004B1F99 /* LearnAndTestTests.swift in Sources */ = {isa = PBXBuildFile; fileRef = AD5917C128AE269C004B1F99 /* LearnAndTestTests.swift */; };
		AD5917CC28AE269E004B1F99 /* LearnAndTestUITests.swift in Sources */ = {isa = PBXBuildFile; fileRef = AD5917CB28AE269E004B1F99 /* LearnAndTestUITests.swift */; };
		AD5917CE28AE269E004B1F99 /* LearnAndTestUITestsLaunchTests.swift in Sources */ = {isa = PBXBuildFile; fileRef = AD5917CD28AE269E004B1F99 /* LearnAndTestUITestsLaunchTests.swift */; };
		AD5917DF28AE2897004B1F99 /* ContentModel.swift in Sources */ = {isa = PBXBuildFile; fileRef = AD5917DE28AE2897004B1F99 /* ContentModel.swift */; };
		AD5917E328AF63A9004B1F99 /* style.html in Resources */ = {isa = PBXBuildFile; fileRef = AD5917E228AF63A9004B1F99 /* style.html */; };
		AD5917E528AF68FE004B1F99 /* Models.swift in Sources */ = {isa = PBXBuildFile; fileRef = AD5917E428AF68FE004B1F99 /* Models.swift */; };
		AD5917E728AF75B9004B1F99 /* HomeViewRow.swift in Sources */ = {isa = PBXBuildFile; fileRef = AD5917E628AF75B8004B1F99 /* HomeViewRow.swift */; };
		AD5917E928B14DA6004B1F99 /* ContentView.swift in Sources */ = {isa = PBXBuildFile; fileRef = AD5917E828B14DA1004B1F99 /* ContentView.swift */; };
		AD5917EB28B15452004B1F99 /* ContentViewRow.swift in Sources */ = {isa = PBXBuildFile; fileRef = AD5917EA28B15452004B1F99 /* ContentViewRow.swift */; };
		AD5917ED28B36B53004B1F99 /* ContentDetailView.swift in Sources */ = {isa = PBXBuildFile; fileRef = AD5917EC28B36B4B004B1F99 /* ContentDetailView.swift */; };
		AD5917F028B36D9A004B1F99 /* AVKit.framework in Frameworks */ = {isa = PBXBuildFile; fileRef = AD5917EF28B36D9A004B1F99 /* AVKit.framework */; };
		AD5917F228B36EB2004B1F99 /* Constants.swift in Sources */ = {isa = PBXBuildFile; fileRef = AD5917F128B36EB2004B1F99 /* Constants.swift */; };
		AD5917F428B4C422004B1F99 /* CodeTextView.swift in Sources */ = {isa = PBXBuildFile; fileRef = AD5917F328B4C41D004B1F99 /* CodeTextView.swift */; };
		AD5917F628B74A85004B1F99 /* RectangleCard.swift in Sources */ = {isa = PBXBuildFile; fileRef = AD5917F528B74A85004B1F99 /* RectangleCard.swift */; };
		AD5917F828BFAF5C004B1F99 /* TestView.swift in Sources */ = {isa = PBXBuildFile; fileRef = AD5917F728BFAF57004B1F99 /* TestView.swift */; };
		AD5917FA28C136D8004B1F99 /* TestResultView.swift in Sources */ = {isa = PBXBuildFile; fileRef = AD5917F928C136D1004B1F99 /* TestResultView.swift */; };
/* End PBXBuildFile section */

/* Begin PBXContainerItemProxy section */
		AD5917BE28AE269C004B1F99 /* PBXContainerItemProxy */ = {
			isa = PBXContainerItemProxy;
			containerPortal = AD5917A528AE2689004B1F99 /* Project object */;
			proxyType = 1;
			remoteGlobalIDString = AD5917AC28AE268A004B1F99;
			remoteInfo = LearnAndTest;
		};
		AD5917C828AE269E004B1F99 /* PBXContainerItemProxy */ = {
			isa = PBXContainerItemProxy;
			containerPortal = AD5917A528AE2689004B1F99 /* Project object */;
			proxyType = 1;
			remoteGlobalIDString = AD5917AC28AE268A004B1F99;
			remoteInfo = LearnAndTest;
		};
/* End PBXContainerItemProxy section */

/* Begin PBXFileReference section */
		3954A56D84DB8FF33DAD807B /* Pods-LearnAndTest.debug.xcconfig */ = {isa = PBXFileReference; includeInIndex = 1; lastKnownFileType = text.xcconfig; name = "Pods-LearnAndTest.debug.xcconfig"; path = "Target Support Files/Pods-LearnAndTest/Pods-LearnAndTest.debug.xcconfig"; sourceTree = "<group>"; };
		4C332311315029B8914ACB09 /* Pods-LearnAndTestTests.debug.xcconfig */ = {isa = PBXFileReference; includeInIndex = 1; lastKnownFileType = text.xcconfig; name = "Pods-LearnAndTestTests.debug.xcconfig"; path = "Target Support Files/Pods-LearnAndTestTests/Pods-LearnAndTestTests.debug.xcconfig"; sourceTree = "<group>"; };
		83406B50A0E5BC149B49B148 /* Pods_LearnAndTest.framework */ = {isa = PBXFileReference; explicitFileType = wrapper.framework; includeInIndex = 0; path = Pods_LearnAndTest.framework; sourceTree = BUILT_PRODUCTS_DIR; };
		86A9DB7A213315875CCDD02A /* Pods_LearnAndTestTests.framework */ = {isa = PBXFileReference; explicitFileType = wrapper.framework; includeInIndex = 0; path = Pods_LearnAndTestTests.framework; sourceTree = BUILT_PRODUCTS_DIR; };
		89599E96BFF9A1DC8F8746E4 /* Pods-LearnAndTestTests.release.xcconfig */ = {isa = PBXFileReference; includeInIndex = 1; lastKnownFileType = text.xcconfig; name = "Pods-LearnAndTestTests.release.xcconfig"; path = "Target Support Files/Pods-LearnAndTestTests/Pods-LearnAndTestTests.release.xcconfig"; sourceTree = "<group>"; };
		92A6750728D9B50C001A5928 /* GoogleService-Info.plist */ = {isa = PBXFileReference; fileEncoding = 4; lastKnownFileType = text.plist.xml; path = "GoogleService-Info.plist"; sourceTree = "<group>"; };
		92D9A8BA28C33CB50074B23D /* data.json */ = {isa = PBXFileReference; fileEncoding = 4; lastKnownFileType = text.json; path = data.json; sourceTree = "<group>"; };
		AD5917AD28AE268A004B1F99 /* LearnAndTest.app */ = {isa = PBXFileReference; explicitFileType = wrapper.application; includeInIndex = 0; path = LearnAndTest.app; sourceTree = BUILT_PRODUCTS_DIR; };
		AD5917B028AE268A004B1F99 /* LearnAndTestApp.swift */ = {isa = PBXFileReference; lastKnownFileType = sourcecode.swift; path = LearnAndTestApp.swift; sourceTree = "<group>"; };
		AD5917B228AE268B004B1F99 /* HomeView.swift */ = {isa = PBXFileReference; lastKnownFileType = sourcecode.swift; path = HomeView.swift; sourceTree = "<group>"; };
		AD5917B428AE2699004B1F99 /* Assets.xcassets */ = {isa = PBXFileReference; lastKnownFileType = folder.assetcatalog; path = Assets.xcassets; sourceTree = "<group>"; };
		AD5917B728AE2699004B1F99 /* Preview Assets.xcassets */ = {isa = PBXFileReference; lastKnownFileType = folder.assetcatalog; path = "Preview Assets.xcassets"; sourceTree = "<group>"; };
		AD5917BD28AE269C004B1F99 /* LearnAndTestTests.xctest */ = {isa = PBXFileReference; explicitFileType = wrapper.cfbundle; includeInIndex = 0; path = LearnAndTestTests.xctest; sourceTree = BUILT_PRODUCTS_DIR; };
		AD5917C128AE269C004B1F99 /* LearnAndTestTests.swift */ = {isa = PBXFileReference; lastKnownFileType = sourcecode.swift; path = LearnAndTestTests.swift; sourceTree = "<group>"; };
		AD5917C728AE269E004B1F99 /* LearnAndTestUITests.xctest */ = {isa = PBXFileReference; explicitFileType = wrapper.cfbundle; includeInIndex = 0; path = LearnAndTestUITests.xctest; sourceTree = BUILT_PRODUCTS_DIR; };
		AD5917CB28AE269E004B1F99 /* LearnAndTestUITests.swift */ = {isa = PBXFileReference; lastKnownFileType = sourcecode.swift; path = LearnAndTestUITests.swift; sourceTree = "<group>"; };
		AD5917CD28AE269E004B1F99 /* LearnAndTestUITestsLaunchTests.swift */ = {isa = PBXFileReference; lastKnownFileType = sourcecode.swift; path = LearnAndTestUITestsLaunchTests.swift; sourceTree = "<group>"; };
		AD5917DE28AE2897004B1F99 /* ContentModel.swift */ = {isa = PBXFileReference; lastKnownFileType = sourcecode.swift; path = ContentModel.swift; sourceTree = "<group>"; };
		AD5917E228AF63A9004B1F99 /* style.html */ = {isa = PBXFileReference; fileEncoding = 4; lastKnownFileType = text.html; path = style.html; sourceTree = "<group>"; };
		AD5917E428AF68FE004B1F99 /* Models.swift */ = {isa = PBXFileReference; lastKnownFileType = sourcecode.swift; path = Models.swift; sourceTree = "<group>"; };
		AD5917E628AF75B8004B1F99 /* HomeViewRow.swift */ = {isa = PBXFileReference; lastKnownFileType = sourcecode.swift; path = HomeViewRow.swift; sourceTree = "<group>"; };
		AD5917E828B14DA1004B1F99 /* ContentView.swift */ = {isa = PBXFileReference; lastKnownFileType = sourcecode.swift; path = ContentView.swift; sourceTree = "<group>"; };
		AD5917EA28B15452004B1F99 /* ContentViewRow.swift */ = {isa = PBXFileReference; lastKnownFileType = sourcecode.swift; path = ContentViewRow.swift; sourceTree = "<group>"; };
		AD5917EC28B36B4B004B1F99 /* ContentDetailView.swift */ = {isa = PBXFileReference; lastKnownFileType = sourcecode.swift; path = ContentDetailView.swift; sourceTree = "<group>"; };
		AD5917EF28B36D9A004B1F99 /* AVKit.framework */ = {isa = PBXFileReference; lastKnownFileType = wrapper.framework; name = AVKit.framework; path = System/Library/Frameworks/AVKit.framework; sourceTree = SDKROOT; };
		AD5917F128B36EB2004B1F99 /* Constants.swift */ = {isa = PBXFileReference; lastKnownFileType = sourcecode.swift; path = Constants.swift; sourceTree = "<group>"; };
		AD5917F328B4C41D004B1F99 /* CodeTextView.swift */ = {isa = PBXFileReference; lastKnownFileType = sourcecode.swift; path = CodeTextView.swift; sourceTree = "<group>"; };
		AD5917F528B74A85004B1F99 /* RectangleCard.swift */ = {isa = PBXFileReference; lastKnownFileType = sourcecode.swift; path = RectangleCard.swift; sourceTree = "<group>"; };
		AD5917F728BFAF57004B1F99 /* TestView.swift */ = {isa = PBXFileReference; lastKnownFileType = sourcecode.swift; path = TestView.swift; sourceTree = "<group>"; };
		AD5917F928C136D1004B1F99 /* TestResultView.swift */ = {isa = PBXFileReference; lastKnownFileType = sourcecode.swift; path = TestResultView.swift; sourceTree = "<group>"; };
		B331207599EC79DF4D54B873 /* Pods-LearnAndTest-LearnAndTestUITests.release.xcconfig */ = {isa = PBXFileReference; includeInIndex = 1; lastKnownFileType = text.xcconfig; name = "Pods-LearnAndTest-LearnAndTestUITests.release.xcconfig"; path = "Target Support Files/Pods-LearnAndTest-LearnAndTestUITests/Pods-LearnAndTest-LearnAndTestUITests.release.xcconfig"; sourceTree = "<group>"; };
		CB0CF63D310823A3851CE0FE /* Pods-LearnAndTest.release.xcconfig */ = {isa = PBXFileReference; includeInIndex = 1; lastKnownFileType = text.xcconfig; name = "Pods-LearnAndTest.release.xcconfig"; path = "Target Support Files/Pods-LearnAndTest/Pods-LearnAndTest.release.xcconfig"; sourceTree = "<group>"; };
		CB5003011E4BB7663893F40E /* Pods-LearnAndTest-LearnAndTestUITests.debug.xcconfig */ = {isa = PBXFileReference; includeInIndex = 1; lastKnownFileType = text.xcconfig; name = "Pods-LearnAndTest-LearnAndTestUITests.debug.xcconfig"; path = "Target Support Files/Pods-LearnAndTest-LearnAndTestUITests/Pods-LearnAndTest-LearnAndTestUITests.debug.xcconfig"; sourceTree = "<group>"; };
		FD1970649B860856469962AD /* Pods_LearnAndTest_LearnAndTestUITests.framework */ = {isa = PBXFileReference; explicitFileType = wrapper.framework; includeInIndex = 0; path = Pods_LearnAndTest_LearnAndTestUITests.framework; sourceTree = BUILT_PRODUCTS_DIR; };
/* End PBXFileReference section */

/* Begin PBXFrameworksBuildPhase section */
		AD5917AA28AE268A004B1F99 /* Frameworks */ = {
			isa = PBXFrameworksBuildPhase;
			buildActionMask = 2147483647;
			files = (
				AD5917F028B36D9A004B1F99 /* AVKit.framework in Frameworks */,
				1B45283B09A272CE7A3CE413 /* Pods_LearnAndTest.framework in Frameworks */,
			);
			runOnlyForDeploymentPostprocessing = 0;
		};
		AD5917BA28AE269C004B1F99 /* Frameworks */ = {
			isa = PBXFrameworksBuildPhase;
			buildActionMask = 2147483647;
			files = (
				A2728549901205DB6BCB8F0F /* Pods_LearnAndTestTests.framework in Frameworks */,
			);
			runOnlyForDeploymentPostprocessing = 0;
		};
		AD5917C428AE269E004B1F99 /* Frameworks */ = {
			isa = PBXFrameworksBuildPhase;
			buildActionMask = 2147483647;
			files = (
				808331867D3BF1C657EFAE45 /* Pods_LearnAndTest_LearnAndTestUITests.framework in Frameworks */,
			);
			runOnlyForDeploymentPostprocessing = 0;
		};
/* End PBXFrameworksBuildPhase section */

/* Begin PBXGroup section */
		34A9F851C890DB88C5CEFFFC /* Pods */ = {
			isa = PBXGroup;
			children = (
				3954A56D84DB8FF33DAD807B /* Pods-LearnAndTest.debug.xcconfig */,
				CB0CF63D310823A3851CE0FE /* Pods-LearnAndTest.release.xcconfig */,
				CB5003011E4BB7663893F40E /* Pods-LearnAndTest-LearnAndTestUITests.debug.xcconfig */,
				B331207599EC79DF4D54B873 /* Pods-LearnAndTest-LearnAndTestUITests.release.xcconfig */,
				4C332311315029B8914ACB09 /* Pods-LearnAndTestTests.debug.xcconfig */,
				89599E96BFF9A1DC8F8746E4 /* Pods-LearnAndTestTests.release.xcconfig */,
			);
			name = Pods;
			path = Pods;
			sourceTree = "<group>";
		};
		AD5917A428AE2688004B1F99 = {
			isa = PBXGroup;
			children = (
				AD5917AF28AE268A004B1F99 /* LearnAndTest */,
				AD5917C028AE269C004B1F99 /* LearnAndTestTests */,
				AD5917CA28AE269E004B1F99 /* LearnAndTestUITests */,
				AD5917AE28AE268A004B1F99 /* Products */,
				AD5917EE28B36D99004B1F99 /* Frameworks */,
				34A9F851C890DB88C5CEFFFC /* Pods */,
			);
			sourceTree = "<group>";
		};
		AD5917AE28AE268A004B1F99 /* Products */ = {
			isa = PBXGroup;
			children = (
				AD5917AD28AE268A004B1F99 /* LearnAndTest.app */,
				AD5917BD28AE269C004B1F99 /* LearnAndTestTests.xctest */,
				AD5917C728AE269E004B1F99 /* LearnAndTestUITests.xctest */,
			);
			name = Products;
			sourceTree = "<group>";
		};
		AD5917AF28AE268A004B1F99 /* LearnAndTest */ = {
			isa = PBXGroup;
			children = (
				AD5917B028AE268A004B1F99 /* LearnAndTestApp.swift */,
				AD5917DD28AE282F004B1F99 /* Resources */,
				AD5917DC28AE281B004B1F99 /* Models */,
				AD5917DB28AE2810004B1F99 /* ViewModels */,
				AD5917DA28AE27FA004B1F99 /* Views */,
				AD5917B428AE2699004B1F99 /* Assets.xcassets */,
				92A6750728D9B50C001A5928 /* GoogleService-Info.plist */,
				AD5917B628AE2699004B1F99 /* Preview Content */,
			);
			path = LearnAndTest;
			sourceTree = "<group>";
		};
		AD5917B628AE2699004B1F99 /* Preview Content */ = {
			isa = PBXGroup;
			children = (
				AD5917B728AE2699004B1F99 /* Preview Assets.xcassets */,
			);
			path = "Preview Content";
			sourceTree = "<group>";
		};
		AD5917C028AE269C004B1F99 /* LearnAndTestTests */ = {
			isa = PBXGroup;
			children = (
				AD5917C128AE269C004B1F99 /* LearnAndTestTests.swift */,
			);
			path = LearnAndTestTests;
			sourceTree = "<group>";
		};
		AD5917CA28AE269E004B1F99 /* LearnAndTestUITests */ = {
			isa = PBXGroup;
			children = (
				AD5917CB28AE269E004B1F99 /* LearnAndTestUITests.swift */,
				AD5917CD28AE269E004B1F99 /* LearnAndTestUITestsLaunchTests.swift */,
			);
			path = LearnAndTestUITests;
			sourceTree = "<group>";
		};
		AD5917DA28AE27FA004B1F99 /* Views */ = {
			isa = PBXGroup;
			children = (
				AD5917B228AE268B004B1F99 /* HomeView.swift */,
				AD5917E628AF75B8004B1F99 /* HomeViewRow.swift */,
				AD5917E828B14DA1004B1F99 /* ContentView.swift */,
				AD5917EA28B15452004B1F99 /* ContentViewRow.swift */,
				AD5917EC28B36B4B004B1F99 /* ContentDetailView.swift */,
				AD5917F328B4C41D004B1F99 /* CodeTextView.swift */,
				AD5917F528B74A85004B1F99 /* RectangleCard.swift */,
				AD5917F728BFAF57004B1F99 /* TestView.swift */,
				AD5917F928C136D1004B1F99 /* TestResultView.swift */,
			);
			path = Views;
			sourceTree = "<group>";
		};
		AD5917DB28AE2810004B1F99 /* ViewModels */ = {
			isa = PBXGroup;
			children = (
				AD5917DE28AE2897004B1F99 /* ContentModel.swift */,
			);
			path = ViewModels;
			sourceTree = "<group>";
		};
		AD5917DC28AE281B004B1F99 /* Models */ = {
			isa = PBXGroup;
			children = (
				AD5917E428AF68FE004B1F99 /* Models.swift */,
			);
			path = Models;
			sourceTree = "<group>";
		};
		AD5917DD28AE282F004B1F99 /* Resources */ = {
			isa = PBXGroup;
			children = (
				AD5917E228AF63A9004B1F99 /* style.html */,
				92D9A8BA28C33CB50074B23D /* data.json */,
				AD5917F128B36EB2004B1F99 /* Constants.swift */,
			);
			path = Resources;
			sourceTree = "<group>";
		};
		AD5917EE28B36D99004B1F99 /* Frameworks */ = {
			isa = PBXGroup;
			children = (
				AD5917EF28B36D9A004B1F99 /* AVKit.framework */,
				83406B50A0E5BC149B49B148 /* Pods_LearnAndTest.framework */,
				FD1970649B860856469962AD /* Pods_LearnAndTest_LearnAndTestUITests.framework */,
				86A9DB7A213315875CCDD02A /* Pods_LearnAndTestTests.framework */,
			);
			name = Frameworks;
			sourceTree = "<group>";
		};
/* End PBXGroup section */

/* Begin PBXNativeTarget section */
		AD5917AC28AE268A004B1F99 /* LearnAndTest */ = {
			isa = PBXNativeTarget;
			buildConfigurationList = AD5917D128AE269E004B1F99 /* Build configuration list for PBXNativeTarget "LearnAndTest" */;
			buildPhases = (
				570FA42E21F80AA44DAA945F /* [CP] Check Pods Manifest.lock */,
				AD5917A928AE268A004B1F99 /* Sources */,
				AD5917AA28AE268A004B1F99 /* Frameworks */,
				AD5917AB28AE268A004B1F99 /* Resources */,
				638E18F3B6AB2FD577E86C19 /* [CP] Embed Pods Frameworks */,
			);
			buildRules = (
			);
			dependencies = (
			);
			name = LearnAndTest;
			productName = LearnAndTest;
			productReference = AD5917AD28AE268A004B1F99 /* LearnAndTest.app */;
			productType = "com.apple.product-type.application";
		};
		AD5917BC28AE269C004B1F99 /* LearnAndTestTests */ = {
			isa = PBXNativeTarget;
			buildConfigurationList = AD5917D428AE269E004B1F99 /* Build configuration list for PBXNativeTarget "LearnAndTestTests" */;
			buildPhases = (
				909F769E240ED03200B468D9 /* [CP] Check Pods Manifest.lock */,
				AD5917B928AE269C004B1F99 /* Sources */,
				AD5917BA28AE269C004B1F99 /* Frameworks */,
				AD5917BB28AE269C004B1F99 /* Resources */,
			);
			buildRules = (
			);
			dependencies = (
				AD5917BF28AE269C004B1F99 /* PBXTargetDependency */,
			);
			name = LearnAndTestTests;
			productName = LearnAndTestTests;
			productReference = AD5917BD28AE269C004B1F99 /* LearnAndTestTests.xctest */;
			productType = "com.apple.product-type.bundle.unit-test";
		};
		AD5917C628AE269E004B1F99 /* LearnAndTestUITests */ = {
			isa = PBXNativeTarget;
			buildConfigurationList = AD5917D728AE269E004B1F99 /* Build configuration list for PBXNativeTarget "LearnAndTestUITests" */;
			buildPhases = (
				8B9DBAE04E161CCD99D81A40 /* [CP] Check Pods Manifest.lock */,
				AD5917C328AE269E004B1F99 /* Sources */,
				AD5917C428AE269E004B1F99 /* Frameworks */,
				AD5917C528AE269E004B1F99 /* Resources */,
				E9F48BF3DA3E23BFEAD37AC3 /* [CP] Embed Pods Frameworks */,
			);
			buildRules = (
			);
			dependencies = (
				AD5917C928AE269E004B1F99 /* PBXTargetDependency */,
			);
			name = LearnAndTestUITests;
			productName = LearnAndTestUITests;
			productReference = AD5917C728AE269E004B1F99 /* LearnAndTestUITests.xctest */;
			productType = "com.apple.product-type.bundle.ui-testing";
		};
/* End PBXNativeTarget section */

/* Begin PBXProject section */
		AD5917A528AE2689004B1F99 /* Project object */ = {
			isa = PBXProject;
			attributes = {
				BuildIndependentTargetsInParallel = 1;
				LastSwiftUpdateCheck = 1320;
				LastUpgradeCheck = 1320;
				TargetAttributes = {
					AD5917AC28AE268A004B1F99 = {
						CreatedOnToolsVersion = 13.2.1;
					};
					AD5917BC28AE269C004B1F99 = {
						CreatedOnToolsVersion = 13.2.1;
						TestTargetID = AD5917AC28AE268A004B1F99;
					};
					AD5917C628AE269E004B1F99 = {
						CreatedOnToolsVersion = 13.2.1;
						TestTargetID = AD5917AC28AE268A004B1F99;
					};
				};
			};
			buildConfigurationList = AD5917A828AE2689004B1F99 /* Build configuration list for PBXProject "LearnAndTest" */;
			compatibilityVersion = "Xcode 13.0";
			developmentRegion = en;
			hasScannedForEncodings = 0;
			knownRegions = (
				en,
				Base,
			);
			mainGroup = AD5917A428AE2688004B1F99;
			productRefGroup = AD5917AE28AE268A004B1F99 /* Products */;
			projectDirPath = "";
			projectRoot = "";
			targets = (
				AD5917AC28AE268A004B1F99 /* LearnAndTest */,
				AD5917BC28AE269C004B1F99 /* LearnAndTestTests */,
				AD5917C628AE269E004B1F99 /* LearnAndTestUITests */,
			);
		};
/* End PBXProject section */

/* Begin PBXResourcesBuildPhase section */
		AD5917AB28AE268A004B1F99 /* Resources */ = {
			isa = PBXResourcesBuildPhase;
			buildActionMask = 2147483647;
			files = (
				AD5917B828AE2699004B1F99 /* Preview Assets.xcassets in Resources */,
				AD5917E328AF63A9004B1F99 /* style.html in Resources */,
				92A6750828D9B50C001A5928 /* GoogleService-Info.plist in Resources */,
				AD5917B528AE2699004B1F99 /* Assets.xcassets in Resources */,
				92D9A8BB28C33CB50074B23D /* data.json in Resources */,
			);
			runOnlyForDeploymentPostprocessing = 0;
		};
		AD5917BB28AE269C004B1F99 /* Resources */ = {
			isa = PBXResourcesBuildPhase;
			buildActionMask = 2147483647;
			files = (
			);
			runOnlyForDeploymentPostprocessing = 0;
		};
		AD5917C528AE269E004B1F99 /* Resources */ = {
			isa = PBXResourcesBuildPhase;
			buildActionMask = 2147483647;
			files = (
			);
			runOnlyForDeploymentPostprocessing = 0;
		};
/* End PBXResourcesBuildPhase section */

/* Begin PBXShellScriptBuildPhase section */
		570FA42E21F80AA44DAA945F /* [CP] Check Pods Manifest.lock */ = {
			isa = PBXShellScriptBuildPhase;
			buildActionMask = 2147483647;
			files = (
			);
			inputFileListPaths = (
			);
			inputPaths = (
				"${PODS_PODFILE_DIR_PATH}/Podfile.lock",
				"${PODS_ROOT}/Manifest.lock",
			);
			name = "[CP] Check Pods Manifest.lock";
			outputFileListPaths = (
			);
			outputPaths = (
				"$(DERIVED_FILE_DIR)/Pods-LearnAndTest-checkManifestLockResult.txt",
			);
			runOnlyForDeploymentPostprocessing = 0;
			shellPath = /bin/sh;
			shellScript = "diff \"${PODS_PODFILE_DIR_PATH}/Podfile.lock\" \"${PODS_ROOT}/Manifest.lock\" > /dev/null\nif [ $? != 0 ] ; then\n    # print error to STDERR\n    echo \"error: The sandbox is not in sync with the Podfile.lock. Run 'pod install' or update your CocoaPods installation.\" >&2\n    exit 1\nfi\n# This output is used by Xcode 'outputs' to avoid re-running this script phase.\necho \"SUCCESS\" > \"${SCRIPT_OUTPUT_FILE_0}\"\n";
			showEnvVarsInLog = 0;
		};
		638E18F3B6AB2FD577E86C19 /* [CP] Embed Pods Frameworks */ = {
			isa = PBXShellScriptBuildPhase;
			buildActionMask = 2147483647;
			files = (
			);
			inputFileListPaths = (
				"${PODS_ROOT}/Target Support Files/Pods-LearnAndTest/Pods-LearnAndTest-frameworks-${CONFIGURATION}-input-files.xcfilelist",
			);
			name = "[CP] Embed Pods Frameworks";
			outputFileListPaths = (
				"${PODS_ROOT}/Target Support Files/Pods-LearnAndTest/Pods-LearnAndTest-frameworks-${CONFIGURATION}-output-files.xcfilelist",
			);
			runOnlyForDeploymentPostprocessing = 0;
			shellPath = /bin/sh;
			shellScript = "\"${PODS_ROOT}/Target Support Files/Pods-LearnAndTest/Pods-LearnAndTest-frameworks.sh\"\n";
			showEnvVarsInLog = 0;
		};
		8B9DBAE04E161CCD99D81A40 /* [CP] Check Pods Manifest.lock */ = {
			isa = PBXShellScriptBuildPhase;
			buildActionMask = 2147483647;
			files = (
			);
			inputFileListPaths = (
			);
			inputPaths = (
				"${PODS_PODFILE_DIR_PATH}/Podfile.lock",
				"${PODS_ROOT}/Manifest.lock",
			);
			name = "[CP] Check Pods Manifest.lock";
			outputFileListPaths = (
			);
			outputPaths = (
				"$(DERIVED_FILE_DIR)/Pods-LearnAndTest-LearnAndTestUITests-checkManifestLockResult.txt",
			);
			runOnlyForDeploymentPostprocessing = 0;
			shellPath = /bin/sh;
			shellScript = "diff \"${PODS_PODFILE_DIR_PATH}/Podfile.lock\" \"${PODS_ROOT}/Manifest.lock\" > /dev/null\nif [ $? != 0 ] ; then\n    # print error to STDERR\n    echo \"error: The sandbox is not in sync with the Podfile.lock. Run 'pod install' or update your CocoaPods installation.\" >&2\n    exit 1\nfi\n# This output is used by Xcode 'outputs' to avoid re-running this script phase.\necho \"SUCCESS\" > \"${SCRIPT_OUTPUT_FILE_0}\"\n";
			showEnvVarsInLog = 0;
		};
		909F769E240ED03200B468D9 /* [CP] Check Pods Manifest.lock */ = {
			isa = PBXShellScriptBuildPhase;
			buildActionMask = 2147483647;
			files = (
			);
			inputFileListPaths = (
			);
			inputPaths = (
				"${PODS_PODFILE_DIR_PATH}/Podfile.lock",
				"${PODS_ROOT}/Manifest.lock",
			);
			name = "[CP] Check Pods Manifest.lock";
			outputFileListPaths = (
			);
			outputPaths = (
				"$(DERIVED_FILE_DIR)/Pods-LearnAndTestTests-checkManifestLockResult.txt",
			);
			runOnlyForDeploymentPostprocessing = 0;
			shellPath = /bin/sh;
			shellScript = "diff \"${PODS_PODFILE_DIR_PATH}/Podfile.lock\" \"${PODS_ROOT}/Manifest.lock\" > /dev/null\nif [ $? != 0 ] ; then\n    # print error to STDERR\n    echo \"error: The sandbox is not in sync with the Podfile.lock. Run 'pod install' or update your CocoaPods installation.\" >&2\n    exit 1\nfi\n# This output is used by Xcode 'outputs' to avoid re-running this script phase.\necho \"SUCCESS\" > \"${SCRIPT_OUTPUT_FILE_0}\"\n";
			showEnvVarsInLog = 0;
		};
		E9F48BF3DA3E23BFEAD37AC3 /* [CP] Embed Pods Frameworks */ = {
			isa = PBXShellScriptBuildPhase;
			buildActionMask = 2147483647;
			files = (
			);
			inputFileListPaths = (
				"${PODS_ROOT}/Target Support Files/Pods-LearnAndTest-LearnAndTestUITests/Pods-LearnAndTest-LearnAndTestUITests-frameworks-${CONFIGURATION}-input-files.xcfilelist",
			);
			name = "[CP] Embed Pods Frameworks";
			outputFileListPaths = (
				"${PODS_ROOT}/Target Support Files/Pods-LearnAndTest-LearnAndTestUITests/Pods-LearnAndTest-LearnAndTestUITests-frameworks-${CONFIGURATION}-output-files.xcfilelist",
			);
			runOnlyForDeploymentPostprocessing = 0;
			shellPath = /bin/sh;
			shellScript = "\"${PODS_ROOT}/Target Support Files/Pods-LearnAndTest-LearnAndTestUITests/Pods-LearnAndTest-LearnAndTestUITests-frameworks.sh\"\n";
			showEnvVarsInLog = 0;
		};
/* End PBXShellScriptBuildPhase section */

/* Begin PBXSourcesBuildPhase section */
		AD5917A928AE268A004B1F99 /* Sources */ = {
			isa = PBXSourcesBuildPhase;
			buildActionMask = 2147483647;
			files = (
				AD5917F828BFAF5C004B1F99 /* TestView.swift in Sources */,
				AD5917FA28C136D8004B1F99 /* TestResultView.swift in Sources */,
				AD5917B328AE268B004B1F99 /* HomeView.swift in Sources */,
				AD5917E728AF75B9004B1F99 /* HomeViewRow.swift in Sources */,
				AD5917E928B14DA6004B1F99 /* ContentView.swift in Sources */,
				AD5917ED28B36B53004B1F99 /* ContentDetailView.swift in Sources */,
				AD5917B128AE268A004B1F99 /* LearnAndTestApp.swift in Sources */,
				AD5917EB28B15452004B1F99 /* ContentViewRow.swift in Sources */,
				AD5917F428B4C422004B1F99 /* CodeTextView.swift in Sources */,
				AD5917DF28AE2897004B1F99 /* ContentModel.swift in Sources */,
				AD5917E528AF68FE004B1F99 /* Models.swift in Sources */,
				AD5917F628B74A85004B1F99 /* RectangleCard.swift in Sources */,
				AD5917F228B36EB2004B1F99 /* Constants.swift in Sources */,
			);
			runOnlyForDeploymentPostprocessing = 0;
		};
		AD5917B928AE269C004B1F99 /* Sources */ = {
			isa = PBXSourcesBuildPhase;
			buildActionMask = 2147483647;
			files = (
				AD5917C228AE269C004B1F99 /* LearnAndTestTests.swift in Sources */,
			);
			runOnlyForDeploymentPostprocessing = 0;
		};
		AD5917C328AE269E004B1F99 /* Sources */ = {
			isa = PBXSourcesBuildPhase;
			buildActionMask = 2147483647;
			files = (
				AD5917CC28AE269E004B1F99 /* LearnAndTestUITests.swift in Sources */,
				AD5917CE28AE269E004B1F99 /* LearnAndTestUITestsLaunchTests.swift in Sources */,
			);
			runOnlyForDeploymentPostprocessing = 0;
		};
/* End PBXSourcesBuildPhase section */

/* Begin PBXTargetDependency section */
		AD5917BF28AE269C004B1F99 /* PBXTargetDependency */ = {
			isa = PBXTargetDependency;
			target = AD5917AC28AE268A004B1F99 /* LearnAndTest */;
			targetProxy = AD5917BE28AE269C004B1F99 /* PBXContainerItemProxy */;
		};
		AD5917C928AE269E004B1F99 /* PBXTargetDependency */ = {
			isa = PBXTargetDependency;
			target = AD5917AC28AE268A004B1F99 /* LearnAndTest */;
			targetProxy = AD5917C828AE269E004B1F99 /* PBXContainerItemProxy */;
		};
/* End PBXTargetDependency section */

/* Begin XCBuildConfiguration section */
		AD5917CF28AE269E004B1F99 /* Debug */ = {
			isa = XCBuildConfiguration;
			buildSettings = {
				ALWAYS_SEARCH_USER_PATHS = NO;
				CLANG_ANALYZER_NONNULL = YES;
				CLANG_ANALYZER_NUMBER_OBJECT_CONVERSION = YES_AGGRESSIVE;
				CLANG_CXX_LANGUAGE_STANDARD = "gnu++17";
				CLANG_CXX_LIBRARY = "libc++";
				CLANG_ENABLE_MODULES = YES;
				CLANG_ENABLE_OBJC_ARC = YES;
				CLANG_ENABLE_OBJC_WEAK = YES;
				CLANG_WARN_BLOCK_CAPTURE_AUTORELEASING = YES;
				CLANG_WARN_BOOL_CONVERSION = YES;
				CLANG_WARN_COMMA = YES;
				CLANG_WARN_CONSTANT_CONVERSION = YES;
				CLANG_WARN_DEPRECATED_OBJC_IMPLEMENTATIONS = YES;
				CLANG_WARN_DIRECT_OBJC_ISA_USAGE = YES_ERROR;
				CLANG_WARN_DOCUMENTATION_COMMENTS = YES;
				CLANG_WARN_EMPTY_BODY = YES;
				CLANG_WARN_ENUM_CONVERSION = YES;
				CLANG_WARN_INFINITE_RECURSION = YES;
				CLANG_WARN_INT_CONVERSION = YES;
				CLANG_WARN_NON_LITERAL_NULL_CONVERSION = YES;
				CLANG_WARN_OBJC_IMPLICIT_RETAIN_SELF = YES;
				CLANG_WARN_OBJC_LITERAL_CONVERSION = YES;
				CLANG_WARN_OBJC_ROOT_CLASS = YES_ERROR;
				CLANG_WARN_QUOTED_INCLUDE_IN_FRAMEWORK_HEADER = YES;
				CLANG_WARN_RANGE_LOOP_ANALYSIS = YES;
				CLANG_WARN_STRICT_PROTOTYPES = YES;
				CLANG_WARN_SUSPICIOUS_MOVE = YES;
				CLANG_WARN_UNGUARDED_AVAILABILITY = YES_AGGRESSIVE;
				CLANG_WARN_UNREACHABLE_CODE = YES;
				CLANG_WARN__DUPLICATE_METHOD_MATCH = YES;
				COPY_PHASE_STRIP = NO;
				DEBUG_INFORMATION_FORMAT = dwarf;
				ENABLE_STRICT_OBJC_MSGSEND = YES;
				ENABLE_TESTABILITY = YES;
				GCC_C_LANGUAGE_STANDARD = gnu11;
				GCC_DYNAMIC_NO_PIC = NO;
				GCC_NO_COMMON_BLOCKS = YES;
				GCC_OPTIMIZATION_LEVEL = 0;
				GCC_PREPROCESSOR_DEFINITIONS = (
					"DEBUG=1",
					"$(inherited)",
				);
				GCC_WARN_64_TO_32_BIT_CONVERSION = YES;
				GCC_WARN_ABOUT_RETURN_TYPE = YES_ERROR;
				GCC_WARN_UNDECLARED_SELECTOR = YES;
				GCC_WARN_UNINITIALIZED_AUTOS = YES_AGGRESSIVE;
				GCC_WARN_UNUSED_FUNCTION = YES;
				GCC_WARN_UNUSED_VARIABLE = YES;
				IPHONEOS_DEPLOYMENT_TARGET = 15.2;
				MTL_ENABLE_DEBUG_INFO = INCLUDE_SOURCE;
				MTL_FAST_MATH = YES;
				ONLY_ACTIVE_ARCH = YES;
				SDKROOT = iphoneos;
				SWIFT_ACTIVE_COMPILATION_CONDITIONS = DEBUG;
				SWIFT_OPTIMIZATION_LEVEL = "-Onone";
			};
			name = Debug;
		};
		AD5917D028AE269E004B1F99 /* Release */ = {
			isa = XCBuildConfiguration;
			buildSettings = {
				ALWAYS_SEARCH_USER_PATHS = NO;
				CLANG_ANALYZER_NONNULL = YES;
				CLANG_ANALYZER_NUMBER_OBJECT_CONVERSION = YES_AGGRESSIVE;
				CLANG_CXX_LANGUAGE_STANDARD = "gnu++17";
				CLANG_CXX_LIBRARY = "libc++";
				CLANG_ENABLE_MODULES = YES;
				CLANG_ENABLE_OBJC_ARC = YES;
				CLANG_ENABLE_OBJC_WEAK = YES;
				CLANG_WARN_BLOCK_CAPTURE_AUTORELEASING = YES;
				CLANG_WARN_BOOL_CONVERSION = YES;
				CLANG_WARN_COMMA = YES;
				CLANG_WARN_CONSTANT_CONVERSION = YES;
				CLANG_WARN_DEPRECATED_OBJC_IMPLEMENTATIONS = YES;
				CLANG_WARN_DIRECT_OBJC_ISA_USAGE = YES_ERROR;
				CLANG_WARN_DOCUMENTATION_COMMENTS = YES;
				CLANG_WARN_EMPTY_BODY = YES;
				CLANG_WARN_ENUM_CONVERSION = YES;
				CLANG_WARN_INFINITE_RECURSION = YES;
				CLANG_WARN_INT_CONVERSION = YES;
				CLANG_WARN_NON_LITERAL_NULL_CONVERSION = YES;
				CLANG_WARN_OBJC_IMPLICIT_RETAIN_SELF = YES;
				CLANG_WARN_OBJC_LITERAL_CONVERSION = YES;
				CLANG_WARN_OBJC_ROOT_CLASS = YES_ERROR;
				CLANG_WARN_QUOTED_INCLUDE_IN_FRAMEWORK_HEADER = YES;
				CLANG_WARN_RANGE_LOOP_ANALYSIS = YES;
				CLANG_WARN_STRICT_PROTOTYPES = YES;
				CLANG_WARN_SUSPICIOUS_MOVE = YES;
				CLANG_WARN_UNGUARDED_AVAILABILITY = YES_AGGRESSIVE;
				CLANG_WARN_UNREACHABLE_CODE = YES;
				CLANG_WARN__DUPLICATE_METHOD_MATCH = YES;
				COPY_PHASE_STRIP = NO;
				DEBUG_INFORMATION_FORMAT = "dwarf-with-dsym";
				ENABLE_NS_ASSERTIONS = NO;
				ENABLE_STRICT_OBJC_MSGSEND = YES;
				GCC_C_LANGUAGE_STANDARD = gnu11;
				GCC_NO_COMMON_BLOCKS = YES;
				GCC_WARN_64_TO_32_BIT_CONVERSION = YES;
				GCC_WARN_ABOUT_RETURN_TYPE = YES_ERROR;
				GCC_WARN_UNDECLARED_SELECTOR = YES;
				GCC_WARN_UNINITIALIZED_AUTOS = YES_AGGRESSIVE;
				GCC_WARN_UNUSED_FUNCTION = YES;
				GCC_WARN_UNUSED_VARIABLE = YES;
				IPHONEOS_DEPLOYMENT_TARGET = 15.2;
				MTL_ENABLE_DEBUG_INFO = NO;
				MTL_FAST_MATH = YES;
				SDKROOT = iphoneos;
				SWIFT_COMPILATION_MODE = wholemodule;
				SWIFT_OPTIMIZATION_LEVEL = "-O";
				VALIDATE_PRODUCT = YES;
			};
			name = Release;
		};
		AD5917D228AE269E004B1F99 /* Debug */ = {
			isa = XCBuildConfiguration;
			baseConfigurationReference = 3954A56D84DB8FF33DAD807B /* Pods-LearnAndTest.debug.xcconfig */;
			buildSettings = {
				ASSETCATALOG_COMPILER_APPICON_NAME = AppIcon;
				ASSETCATALOG_COMPILER_GLOBAL_ACCENT_COLOR_NAME = AccentColor;
				CODE_SIGN_STYLE = Automatic;
				CURRENT_PROJECT_VERSION = 1;
				DEVELOPMENT_ASSET_PATHS = "\"LearnAndTest/Preview Content\"";
				ENABLE_PREVIEWS = YES;
				GENERATE_INFOPLIST_FILE = YES;
				INFOPLIST_KEY_UIApplicationSceneManifest_Generation = YES;
				INFOPLIST_KEY_UIApplicationSupportsIndirectInputEvents = YES;
				INFOPLIST_KEY_UILaunchScreen_Generation = YES;
				INFOPLIST_KEY_UISupportedInterfaceOrientations_iPad = "UIInterfaceOrientationPortrait UIInterfaceOrientationPortraitUpsideDown UIInterfaceOrientationLandscapeLeft UIInterfaceOrientationLandscapeRight";
				INFOPLIST_KEY_UISupportedInterfaceOrientations_iPhone = "UIInterfaceOrientationPortrait UIInterfaceOrientationLandscapeLeft UIInterfaceOrientationLandscapeRight";
				LD_RUNPATH_SEARCH_PATHS = (
					"$(inherited)",
					"@executable_path/Frameworks",
				);
				MARKETING_VERSION = 1.0;
				PRODUCT_BUNDLE_IDENTIFIER = k.LearnAndTest;
				PRODUCT_NAME = "$(TARGET_NAME)";
				SWIFT_EMIT_LOC_STRINGS = YES;
				SWIFT_VERSION = 5.0;
				TARGETED_DEVICE_FAMILY = "1,2";
			};
			name = Debug;
		};
		AD5917D328AE269E004B1F99 /* Release */ = {
			isa = XCBuildConfiguration;
			baseConfigurationReference = CB0CF63D310823A3851CE0FE /* Pods-LearnAndTest.release.xcconfig */;
			buildSettings = {
				ASSETCATALOG_COMPILER_APPICON_NAME = AppIcon;
				ASSETCATALOG_COMPILER_GLOBAL_ACCENT_COLOR_NAME = AccentColor;
				CODE_SIGN_STYLE = Automatic;
				CURRENT_PROJECT_VERSION = 1;
				DEVELOPMENT_ASSET_PATHS = "\"LearnAndTest/Preview Content\"";
				ENABLE_PREVIEWS = YES;
				GENERATE_INFOPLIST_FILE = YES;
				INFOPLIST_KEY_UIApplicationSceneManifest_Generation = YES;
				INFOPLIST_KEY_UIApplicationSupportsIndirectInputEvents = YES;
				INFOPLIST_KEY_UILaunchScreen_Generation = YES;
				INFOPLIST_KEY_UISupportedInterfaceOrientations_iPad = "UIInterfaceOrientationPortrait UIInterfaceOrientationPortraitUpsideDown UIInterfaceOrientationLandscapeLeft UIInterfaceOrientationLandscapeRight";
				INFOPLIST_KEY_UISupportedInterfaceOrientations_iPhone = "UIInterfaceOrientationPortrait UIInterfaceOrientationLandscapeLeft UIInterfaceOrientationLandscapeRight";
				LD_RUNPATH_SEARCH_PATHS = (
					"$(inherited)",
					"@executable_path/Frameworks",
				);
				MARKETING_VERSION = 1.0;
				PRODUCT_BUNDLE_IDENTIFIER = k.LearnAndTest;
				PRODUCT_NAME = "$(TARGET_NAME)";
				SWIFT_EMIT_LOC_STRINGS = YES;
				SWIFT_VERSION = 5.0;
				TARGETED_DEVICE_FAMILY = "1,2";
			};
			name = Release;
		};
		AD5917D528AE269E004B1F99 /* Debug */ = {
			isa = XCBuildConfiguration;
			baseConfigurationReference = 4C332311315029B8914ACB09 /* Pods-LearnAndTestTests.debug.xcconfig */;
			buildSettings = {
				ALWAYS_EMBED_SWIFT_STANDARD_LIBRARIES = YES;
				BUNDLE_LOADER = "$(TEST_HOST)";
				CODE_SIGN_STYLE = Automatic;
				CURRENT_PROJECT_VERSION = 1;
				GENERATE_INFOPLIST_FILE = YES;
				IPHONEOS_DEPLOYMENT_TARGET = 15.2;
				MARKETING_VERSION = 1.0;
				PRODUCT_BUNDLE_IDENTIFIER = k.LearnAndTestTests;
				PRODUCT_NAME = "$(TARGET_NAME)";
				SWIFT_EMIT_LOC_STRINGS = NO;
				SWIFT_VERSION = 5.0;
				TARGETED_DEVICE_FAMILY = "1,2";
				TEST_HOST = "$(BUILT_PRODUCTS_DIR)/LearnAndTest.app/LearnAndTest";
			};
			name = Debug;
		};
		AD5917D628AE269E004B1F99 /* Release */ = {
			isa = XCBuildConfiguration;
			baseConfigurationReference = 89599E96BFF9A1DC8F8746E4 /* Pods-LearnAndTestTests.release.xcconfig */;
			buildSettings = {
				ALWAYS_EMBED_SWIFT_STANDARD_LIBRARIES = YES;
				BUNDLE_LOADER = "$(TEST_HOST)";
				CODE_SIGN_STYLE = Automatic;
				CURRENT_PROJECT_VERSION = 1;
				GENERATE_INFOPLIST_FILE = YES;
				IPHONEOS_DEPLOYMENT_TARGET = 15.2;
				MARKETING_VERSION = 1.0;
				PRODUCT_BUNDLE_IDENTIFIER = k.LearnAndTestTests;
				PRODUCT_NAME = "$(TARGET_NAME)";
				SWIFT_EMIT_LOC_STRINGS = NO;
				SWIFT_VERSION = 5.0;
				TARGETED_DEVICE_FAMILY = "1,2";
				TEST_HOST = "$(BUILT_PRODUCTS_DIR)/LearnAndTest.app/LearnAndTest";
			};
			name = Release;
		};
		AD5917D828AE269E004B1F99 /* Debug */ = {
			isa = XCBuildConfiguration;
			baseConfigurationReference = CB5003011E4BB7663893F40E /* Pods-LearnAndTest-LearnAndTestUITests.debug.xcconfig */;
			buildSettings = {
				ALWAYS_EMBED_SWIFT_STANDARD_LIBRARIES = YES;
				CODE_SIGN_STYLE = Automatic;
				CURRENT_PROJECT_VERSION = 1;
				GENERATE_INFOPLIST_FILE = YES;
				MARKETING_VERSION = 1.0;
				PRODUCT_BUNDLE_IDENTIFIER = k.LearnAndTestUITests;
				PRODUCT_NAME = "$(TARGET_NAME)";
				SWIFT_EMIT_LOC_STRINGS = NO;
				SWIFT_VERSION = 5.0;
				TARGETED_DEVICE_FAMILY = "1,2";
				TEST_TARGET_NAME = LearnAndTest;
			};
			name = Debug;
		};
		AD5917D928AE269E004B1F99 /* Release */ = {
			isa = XCBuildConfiguration;
			baseConfigurationReference = B331207599EC79DF4D54B873 /* Pods-LearnAndTest-LearnAndTestUITests.release.xcconfig */;
			buildSettings = {
				ALWAYS_EMBED_SWIFT_STANDARD_LIBRARIES = YES;
				CODE_SIGN_STYLE = Automatic;
				CURRENT_PROJECT_VERSION = 1;
				GENERATE_INFOPLIST_FILE = YES;
				MARKETING_VERSION = 1.0;
				PRODUCT_BUNDLE_IDENTIFIER = k.LearnAndTestUITests;
				PRODUCT_NAME = "$(TARGET_NAME)";
				SWIFT_EMIT_LOC_STRINGS = NO;
				SWIFT_VERSION = 5.0;
				TARGETED_DEVICE_FAMILY = "1,2";
				TEST_TARGET_NAME = LearnAndTest;
			};
			name = Release;
		};
/* End XCBuildConfiguration section */

/* Begin XCConfigurationList section */
		AD5917A828AE2689004B1F99 /* Build configuration list for PBXProject "LearnAndTest" */ = {
			isa = XCConfigurationList;
			buildConfigurations = (
				AD5917CF28AE269E004B1F99 /* Debug */,
				AD5917D028AE269E004B1F99 /* Release */,
			);
			defaultConfigurationIsVisible = 0;
			defaultConfigurationName = Release;
		};
		AD5917D128AE269E004B1F99 /* Build configuration list for PBXNativeTarget "LearnAndTest" */ = {
			isa = XCConfigurationList;
			buildConfigurations = (
				AD5917D228AE269E004B1F99 /* Debug */,
				AD5917D328AE269E004B1F99 /* Release */,
			);
			defaultConfigurationIsVisible = 0;
			defaultConfigurationName = Release;
		};
		AD5917D428AE269E004B1F99 /* Build configuration list for PBXNativeTarget "LearnAndTestTests" */ = {
			isa = XCConfigurationList;
			buildConfigurations = (
				AD5917D528AE269E004B1F99 /* Debug */,
				AD5917D628AE269E004B1F99 /* Release */,
			);
			defaultConfigurationIsVisible = 0;
			defaultConfigurationName = Release;
		};
		AD5917D728AE269E004B1F99 /* Build configuration list for PBXNativeTarget "LearnAndTestUITests" */ = {
			isa = XCConfigurationList;
			buildConfigurations = (
				AD5917D828AE269E004B1F99 /* Debug */,
				AD5917D928AE269E004B1F99 /* Release */,
			);
			defaultConfigurationIsVisible = 0;
			defaultConfigurationName = Release;
		};
/* End XCConfigurationList section */
	};
	rootObject = AD5917A528AE2689004B1F99 /* Project object */;
}
